{
  "name": "Frontend-projekt-master",
  "lockfileVersion": 2,
  "requires": true,
  "packages": {
    "": {
      "dependencies": {
        "@daypilot/daypilot-lite-angular": "^3.11.0",
        "@fullcalendar/core": "^6.0.3",
        "@fullcalendar/daygrid": "^6.0.3",
        "@fullcalendar/interaction": "^6.0.3",
        "daypilot-pro-angular": "https://npm.daypilot.org/daypilot-pro-angular/trial/2021.3.5084.tar.gz"
      }
    },
    "node_modules/@angular/common": {
      "version": "15.1.1",
      "resolved": "https://registry.npmjs.org/@angular/common/-/common-15.1.1.tgz",
      "integrity": "sha512-P4f2rK/YBQQT4clQrcQ9goLf53RS63Q1x2d1dvz7Syr3gcOUyxO7NZQ7Au5afzvbIKZ5Okd+X0+TCGV4q9wQjw==",
      "peer": true,
      "dependencies": {
        "tslib": "^2.3.0"
      },
      "engines": {
        "node": "^14.20.0 || ^16.13.0 || >=18.10.0"
      },
      "peerDependencies": {
        "@angular/core": "15.1.1",
        "rxjs": "^6.5.3 || ^7.4.0"
      }
    },
    "node_modules/@angular/core": {
      "version": "15.1.1",
      "resolved": "https://registry.npmjs.org/@angular/core/-/core-15.1.1.tgz",
      "integrity": "sha512-nsz+IXdkQanAGhqA2vcwTrGGyw5zIm3TgtYQ/JqK185qkmlhsQfSRvdSPsFPhmIFYp9ngZVUbkhY3D4P3gDzIg==",
      "peer": true,
      "dependencies": {
        "tslib": "^2.3.0"
      },
      "engines": {
        "node": "^14.20.0 || ^16.13.0 || >=18.10.0"
      },
      "peerDependencies": {
        "rxjs": "^6.5.3 || ^7.4.0",
        "zone.js": "~0.11.4 || ~0.12.0"
      }
    },
    "node_modules/@angular/platform-browser": {
      "version": "15.1.1",
      "resolved": "https://registry.npmjs.org/@angular/platform-browser/-/platform-browser-15.1.1.tgz",
      "integrity": "sha512-U1MXowvyigmMpffsnMQI6e9gX7tA6Su7unY0pjN5u9wRYJIkEbKuFyVijguQ83bt+JK3ZBHXD0dvskYnscGUzg==",
      "peer": true,
      "dependencies": {
        "tslib": "^2.3.0"
      },
      "engines": {
        "node": "^14.20.0 || ^16.13.0 || >=18.10.0"
      },
      "peerDependencies": {
        "@angular/animations": "15.1.1",
        "@angular/common": "15.1.1",
        "@angular/core": "15.1.1"
      },
      "peerDependenciesMeta": {
        "@angular/animations": {
          "optional": true
        }
      }
    },
    "node_modules/@daypilot/daypilot-lite-angular": {
      "version": "3.11.0",
      "resolved": "https://registry.npmjs.org/@daypilot/daypilot-lite-angular/-/daypilot-lite-angular-3.11.0.tgz",
      "integrity": "sha512-gaYA2BVthC+1xqLhuv+/M4LeqghaxBgYgjZw0FlQgTGumQ4nS7NJkiTlz9A7OpYZ4dW9nbAxg39KC2+65MU2yQ==",
      "dependencies": {
        "tslib": "^2.3.0"
      },
      "peerDependencies": {
        "@angular/common": ">=12.0.0",
        "@angular/core": ">=12.0.0"
      }
    },
    "node_modules/@fullcalendar/core": {
      "version": "6.0.3",
      "resolved": "https://registry.npmjs.org/@fullcalendar/core/-/core-6.0.3.tgz",
      "integrity": "sha512-4REVuYAxqJjXpLhOC0oABap4Xl8gmykCsHgL61Yy3rdCwWVx/SoE5L3hs8ZUCmsRrgSZOzgiH8sle87RaGi8iw==",
      "dependencies": {
        "preact": "^10.0.5"
      }
    },
    "node_modules/@fullcalendar/daygrid": {
      "version": "6.0.3",
      "resolved": "https://registry.npmjs.org/@fullcalendar/daygrid/-/daygrid-6.0.3.tgz",
      "integrity": "sha512-JWWwWRsi1dgTlbXSbqjmBjd9SRN6wuXOvOwcuvW5sZtk77vtuD5DKcqoitOREq4e2P/f2WdMV6812AVSAPRODw==",
      "peerDependencies": {
        "@fullcalendar/core": "~6.0.3"
      }
    },
    "node_modules/@fullcalendar/interaction": {
      "version": "6.0.3",
      "resolved": "https://registry.npmjs.org/@fullcalendar/interaction/-/interaction-6.0.3.tgz",
      "integrity": "sha512-HhYn/nY3wPrUbZuHnQmmqlhMxwrhy8l3LS+D1Iz4LEsNpBTUpC2htyVdWZD52zeD12ks4+T+bTncf4bFwjf4jA==",
      "peerDependencies": {
        "@fullcalendar/core": "~6.0.3"
      }
    },
    "node_modules/daypilot-pro-angular": {
      "version": "2021.3.5084",
      "resolved": "https://npm.daypilot.org/daypilot-pro-angular/trial/2021.3.5084.tar.gz",
      "integrity": "sha512-unStQqr72IwqSpxN6q0DC1hOaHhdL/j444D4LirP/hQw/4lsby/CZSmn4Uy60pKySN/8fJ3fky4IXUK6CQh+aQ==",
      "license": "SEE LICENSE IN LicenseAgreement.pdf",
      "peerDependencies": {
        "@angular/common": ">=2.0.0",
        "@angular/core": ">=2.0.0",
        "@angular/platform-browser": ">=2.0.0"
      }
    },
    "node_modules/preact": {
      "version": "10.11.3",
      "resolved": "https://registry.npmjs.org/preact/-/preact-10.11.3.tgz",
      "integrity": "sha512-eY93IVpod/zG3uMF22Unl8h9KkrcKIRs2EGar8hwLZZDU1lkjph303V9HZBwufh2s736U6VXuhD109LYqPoffg==",
      "funding": {
        "type": "opencollective",
        "url": "https://opencollective.com/preact"
      }
    },
    "node_modules/rxjs": {
      "version": "7.8.0",
      "resolved": "https://registry.npmjs.org/rxjs/-/rxjs-7.8.0.tgz",
      "integrity": "sha512-F2+gxDshqmIub1KdvZkaEfGDwLNpPvk9Fs6LD/MyQxNgMds/WH9OdDDXOmxUZpME+iSK3rQCctkL0DYyytUqMg==",
      "peer": true,
      "dependencies": {
        "tslib": "^2.1.0"
      }
    },
    "node_modules/tslib": {
      "version": "2.4.1",
      "resolved": "https://registry.npmjs.org/tslib/-/tslib-2.4.1.tgz",
      "integrity": "sha512-tGyy4dAjRIEwI7BzsB0lynWgOpfqjUdq91XXAlIWD2OwKBH7oCl/GZG/HT4BOHrTlPMOASlMQ7veyTqpmRcrNA=="
    },
    "node_modules/zone.js": {
      "version": "0.12.0",
      "resolved": "https://registry.npmjs.org/zone.js/-/zone.js-0.12.0.tgz",
      "integrity": "sha512-XtC+I5dXU14HrzidAKBNMqneIVUykLEAA1x+v4KVrd6AUPWlwYORF8KgsVqvgdHiKZ4BkxxjvYi/ksEixTPR0Q==",
      "peer": true,
      "dependencies": {
        "tslib": "^2.3.0"
      }
    }
  },
  "dependencies": {
    "@angular/common": {
      "version": "15.1.1",
      "resolved": "https://registry.npmjs.org/@angular/common/-/common-15.1.1.tgz",
      "integrity": "sha512-P4f2rK/YBQQT4clQrcQ9goLf53RS63Q1x2d1dvz7Syr3gcOUyxO7NZQ7Au5afzvbIKZ5Okd+X0+TCGV4q9wQjw==",
      "peer": true,
      "requires": {
        "tslib": "^2.3.0"
      }
    },
    "@angular/core": {
      "version": "15.1.1",
      "resolved": "https://registry.npmjs.org/@angular/core/-/core-15.1.1.tgz",
      "integrity": "sha512-nsz+IXdkQanAGhqA2vcwTrGGyw5zIm3TgtYQ/JqK185qkmlhsQfSRvdSPsFPhmIFYp9ngZVUbkhY3D4P3gDzIg==",
      "peer": true,
      "requires": {
        "tslib": "^2.3.0"
      }
    },
    "@angular/platform-browser": {
      "version": "15.1.1",
      "resolved": "https://registry.npmjs.org/@angular/platform-browser/-/platform-browser-15.1.1.tgz",
      "integrity": "sha512-U1MXowvyigmMpffsnMQI6e9gX7tA6Su7unY0pjN5u9wRYJIkEbKuFyVijguQ83bt+JK3ZBHXD0dvskYnscGUzg==",
      "peer": true,
      "requires": {
        "tslib": "^2.3.0"
      }
    },
    "@daypilot/daypilot-lite-angular": {
      "version": "3.11.0",
      "resolved": "https://registry.npmjs.org/@daypilot/daypilot-lite-angular/-/daypilot-lite-angular-3.11.0.tgz",
      "integrity": "sha512-gaYA2BVthC+1xqLhuv+/M4LeqghaxBgYgjZw0FlQgTGumQ4nS7NJkiTlz9A7OpYZ4dW9nbAxg39KC2+65MU2yQ==",
      "requires": {
        "tslib": "^2.3.0"
      }
    },
    "@fullcalendar/core": {
      "version": "6.0.3",
      "resolved": "https://registry.npmjs.org/@fullcalendar/core/-/core-6.0.3.tgz",
      "integrity": "sha512-4REVuYAxqJjXpLhOC0oABap4Xl8gmykCsHgL61Yy3rdCwWVx/SoE5L3hs8ZUCmsRrgSZOzgiH8sle87RaGi8iw==",
      "requires": {
        "preact": "^10.0.5"
      }
    },
    "@fullcalendar/daygrid": {
      "version": "6.0.3",
      "resolved": "https://registry.npmjs.org/@fullcalendar/daygrid/-/daygrid-6.0.3.tgz",
      "integrity": "sha512-JWWwWRsi1dgTlbXSbqjmBjd9SRN6wuXOvOwcuvW5sZtk77vtuD5DKcqoitOREq4e2P/f2WdMV6812AVSAPRODw==",
      "requires": {}
    },
    "@fullcalendar/interaction": {
      "version": "6.0.3",
      "resolved": "https://registry.npmjs.org/@fullcalendar/interaction/-/interaction-6.0.3.tgz",
      "integrity": "sha512-HhYn/nY3wPrUbZuHnQmmqlhMxwrhy8l3LS+D1Iz4LEsNpBTUpC2htyVdWZD52zeD12ks4+T+bTncf4bFwjf4jA==",
      "requires": {}
    },
    "daypilot-pro-angular": {
      "version": "https://npm.daypilot.org/daypilot-pro-angular/trial/2021.3.5084.tar.gz",
      "integrity": "sha512-unStQqr72IwqSpxN6q0DC1hOaHhdL/j444D4LirP/hQw/4lsby/CZSmn4Uy60pKySN/8fJ3fky4IXUK6CQh+aQ==",
      "requires": {}
    },
    "preact": {
      "version": "10.11.3",
      "resolved": "https://registry.npmjs.org/preact/-/preact-10.11.3.tgz",
      "integrity": "sha512-eY93IVpod/zG3uMF22Unl8h9KkrcKIRs2EGar8hwLZZDU1lkjph303V9HZBwufh2s736U6VXuhD109LYqPoffg=="
    },
    "rxjs": {
      "version": "7.8.0",
      "resolved": "https://registry.npmjs.org/rxjs/-/rxjs-7.8.0.tgz",
      "integrity": "sha512-F2+gxDshqmIub1KdvZkaEfGDwLNpPvk9Fs6LD/MyQxNgMds/WH9OdDDXOmxUZpME+iSK3rQCctkL0DYyytUqMg==",
      "peer": true,
      "requires": {
        "tslib": "^2.1.0"
      }
    },
    "tslib": {
      "version": "2.4.1",
      "resolved": "https://registry.npmjs.org/tslib/-/tslib-2.4.1.tgz",
      "integrity": "sha512-tGyy4dAjRIEwI7BzsB0lynWgOpfqjUdq91XXAlIWD2OwKBH7oCl/GZG/HT4BOHrTlPMOASlMQ7veyTqpmRcrNA=="
    },
    "zone.js": {
      "version": "0.12.0",
      "resolved": "https://registry.npmjs.org/zone.js/-/zone.js-0.12.0.tgz",
      "integrity": "sha512-XtC+I5dXU14HrzidAKBNMqneIVUykLEAA1x+v4KVrd6AUPWlwYORF8KgsVqvgdHiKZ4BkxxjvYi/ksEixTPR0Q==",
      "peer": true,
      "requires": {
        "tslib": "^2.3.0"
      }
    }
  }
}
